
Microsoft Visual Studio Solution File, Format Version 12.00
# Visual Studio Version 17
VisualStudioVersion = 17.13.35931.197 d17.13
MinimumVisualStudioVersion = 10.0.40219.1
Project("{FAE04EC0-301F-11D3-BF4B-00C04F79EFBC}") = "Inventory Management App", "Inventory Management App\Inventory Management App.csproj", "{758FB5F6-3C20-4B83-93EA-9822363A92B6}"
EndProject
Global
	GlobalSection(SolutionConfigurationPlatforms) = preSolution
		Debug|Any CPU = Debug|Any CPU
		Release|Any CPU = Release|Any CPU
	EndGlobalSection
	GlobalSection(ProjectConfigurationPlatforms) = postSolution
		{758FB5F6-3C20-4B83-93EA-9822363A92B6}.Debug|Any CPU.ActiveCfg = Debug|Any CPU
		{758FB5F6-3C20-4B83-93EA-9822363A92B6}.Debug|Any CPU.Build.0 = Debug|Any CPU
		{758FB5F6-3C20-4B83-93EA-9822363A92B6}.Release|Any CPU.ActiveCfg = Release|Any CPU
		{758FB5F6-3C20-4B83-93EA-9822363A92B6}.Release|Any CPU.Build.0 = Release|Any CPU
	EndGlobalSection
	GlobalSection(SolutionProperties) = preSolution
		HideSolutionNode = FALSE
	EndGlobalSection
	GlobalSection(ExtensibilityGlobals) = postSolution
		SolutionGuid = {6554448C-A745-4314-8D18-3BA2162047DC}
	EndGlobalSection
EndGlobal
